
Microsoft Visual Studio Solution File, Format Version 12.00
# Visual Studio Version 17
VisualStudioVersion = 17.9.34723.18
MinimumVisualStudioVersion = 10.0.40219.1
Project("{9A19103F-16F7-4668-BE54-9A1E7A4F7556}") = "journeyService", "journeyService\journeyService.csproj", "{D261993E-6118-464C-AA4B-CC02DD4E39A5}"
EndProject
Project("{FAE04EC0-301F-11D3-BF4B-00C04F79EFBC}") = "HubSpotControl", "HubSpotControl\HubSpotControl.csproj", "{B6F17614-34FA-48CD-9B50-E152B464B715}"
EndProject
Global
	GlobalSection(SolutionConfigurationPlatforms) = preSolution
		Debug|Any CPU = Debug|Any CPU
		Release|Any CPU = Release|Any CPU
	EndGlobalSection
	GlobalSection(ProjectConfigurationPlatforms) = postSolution
		{D261993E-6118-464C-AA4B-CC02DD4E39A5}.Debug|Any CPU.ActiveCfg = Debug|Any CPU
		{D261993E-6118-464C-AA4B-CC02DD4E39A5}.Debug|Any CPU.Build.0 = Debug|Any CPU
		{D261993E-6118-464C-AA4B-CC02DD4E39A5}.Release|Any CPU.ActiveCfg = Release|Any CPU
		{D261993E-6118-464C-AA4B-CC02DD4E39A5}.Release|Any CPU.Build.0 = Release|Any CPU
		{B6F17614-34FA-48CD-9B50-E152B464B715}.Debug|Any CPU.ActiveCfg = Debug|Any CPU
		{B6F17614-34FA-48CD-9B50-E152B464B715}.Debug|Any CPU.Build.0 = Debug|Any CPU
		{B6F17614-34FA-48CD-9B50-E152B464B715}.Release|Any CPU.ActiveCfg = Release|Any CPU
		{B6F17614-34FA-48CD-9B50-E152B464B715}.Release|Any CPU.Build.0 = Release|Any CPU
	EndGlobalSection
	GlobalSection(SolutionProperties) = preSolution
		HideSolutionNode = FALSE
	EndGlobalSection
	GlobalSection(ExtensibilityGlobals) = postSolution
		SolutionGuid = {24D7E064-89B9-4A24-A7C3-663B82BE2F90}
	EndGlobalSection
EndGlobal
